
Microsoft Visual Studio Solution File, Format Version 12.00
# Visual Studio Version 17
VisualStudioVersion = 17.1.32328.378
MinimumVisualStudioVersion = 10.0.40219.1
Project("{FAE04EC0-301F-11D3-BF4B-00C04F79EFBC}") = "ConsoleApp2", "ConsoleApp2\ConsoleApp2.csproj", "{4FE59CDF-6F7E-4E21-BB7F-F6D4C46D74E6}"
EndProject
Global
	GlobalSection(SolutionConfigurationPlatforms) = preSolution
		Debug|Any CPU = Debug|Any CPU
		Release|Any CPU = Release|Any CPU
	EndGlobalSection
	GlobalSection(ProjectConfigurationPlatforms) = postSolution
		{4FE59CDF-6F7E-4E21-BB7F-F6D4C46D74E6}.Debug|Any CPU.ActiveCfg = Debug|Any CPU
		{4FE59CDF-6F7E-4E21-BB7F-F6D4C46D74E6}.Debug|Any CPU.Build.0 = Debug|Any CPU
		{4FE59CDF-6F7E-4E21-BB7F-F6D4C46D74E6}.Release|Any CPU.ActiveCfg = Release|Any CPU
		{4FE59CDF-6F7E-4E21-BB7F-F6D4C46D74E6}.Release|Any CPU.Build.0 = Release|Any CPU
	EndGlobalSection
	GlobalSection(SolutionProperties) = preSolution
		HideSolutionNode = FALSE
	EndGlobalSection
	GlobalSection(ExtensibilityGlobals) = postSolution
		SolutionGuid = {69F99F87-27A0-4760-95AF-37409931AF04}
	EndGlobalSection
EndGlobal
